
Microsoft Visual Studio Solution File, Format Version 12.00
# Visual Studio Version 17
VisualStudioVersion = 17.3.32929.385
MinimumVisualStudioVersion = 10.0.40219.1
Project("{FAE04EC0-301F-11D3-BF4B-00C04F79EFBC}") = "Calculator", "Calculator\Calculator.csproj", "{31D5CCB3-E959-49DE-A4E9-AE392FA2FEF3}"
EndProject
Global
	GlobalSection(SolutionConfigurationPlatforms) = preSolution
		Debug|Any CPU = Debug|Any CPU
		Release|Any CPU = Release|Any CPU
	EndGlobalSection
	GlobalSection(ProjectConfigurationPlatforms) = postSolution
		{31D5CCB3-E959-49DE-A4E9-AE392FA2FEF3}.Debug|Any CPU.ActiveCfg = Debug|Any CPU
		{31D5CCB3-E959-49DE-A4E9-AE392FA2FEF3}.Debug|Any CPU.Build.0 = Debug|Any CPU
		{31D5CCB3-E959-49DE-A4E9-AE392FA2FEF3}.Release|Any CPU.ActiveCfg = Release|Any CPU
		{31D5CCB3-E959-49DE-A4E9-AE392FA2FEF3}.Release|Any CPU.Build.0 = Release|Any CPU
	EndGlobalSection
	GlobalSection(SolutionProperties) = preSolution
		HideSolutionNode = FALSE
	EndGlobalSection
	GlobalSection(ExtensibilityGlobals) = postSolution
		SolutionGuid = {FA8C6295-CD41-4399-92CE-3AE6FDAE7011}
	EndGlobalSection
EndGlobal
