
Microsoft Visual Studio Solution File, Format Version 12.00
# Visual Studio Version 17
VisualStudioVersion = 17.3.32929.385
MinimumVisualStudioVersion = 10.0.40219.1
Project("{FAE04EC0-301F-11D3-BF4B-00C04F79EFBC}") = "Calculator", "Calculator\Calculator.csproj", "{61BD4759-2099-4A23-AA02-7E3AD94FDCE3}"
EndProject
Project("{FAE04EC0-301F-11D3-BF4B-00C04F79EFBC}") = "CalculatorLibrary", "CalculatorLibrary\CalculatorLibrary.csproj", "{8677B992-73B5-4113-AECD-8E115F6E9402}"
EndProject
Global
	GlobalSection(SolutionConfigurationPlatforms) = preSolution
		Debug|Any CPU = Debug|Any CPU
		Release|Any CPU = Release|Any CPU
	EndGlobalSection
	GlobalSection(ProjectConfigurationPlatforms) = postSolution
		{61BD4759-2099-4A23-AA02-7E3AD94FDCE3}.Debug|Any CPU.ActiveCfg = Debug|Any CPU
		{61BD4759-2099-4A23-AA02-7E3AD94FDCE3}.Debug|Any CPU.Build.0 = Debug|Any CPU
		{61BD4759-2099-4A23-AA02-7E3AD94FDCE3}.Release|Any CPU.ActiveCfg = Release|Any CPU
		{61BD4759-2099-4A23-AA02-7E3AD94FDCE3}.Release|Any CPU.Build.0 = Release|Any CPU
		{8677B992-73B5-4113-AECD-8E115F6E9402}.Debug|Any CPU.ActiveCfg = Debug|Any CPU
		{8677B992-73B5-4113-AECD-8E115F6E9402}.Debug|Any CPU.Build.0 = Debug|Any CPU
		{8677B992-73B5-4113-AECD-8E115F6E9402}.Release|Any CPU.ActiveCfg = Release|Any CPU
		{8677B992-73B5-4113-AECD-8E115F6E9402}.Release|Any CPU.Build.0 = Release|Any CPU
	EndGlobalSection
	GlobalSection(SolutionProperties) = preSolution
		HideSolutionNode = FALSE
	EndGlobalSection
	GlobalSection(ExtensibilityGlobals) = postSolution
		SolutionGuid = {3A50AD44-CC5F-4886-ADE2-D6C88EFD9ACD}
	EndGlobalSection
EndGlobal
